
Microsoft Visual Studio Solution File, Format Version 12.00
# Visual Studio 15
Project("{FAE04EC0-301F-11D3-BF4B-00C04F79EFBC}") = "coreapi", "coreapi.csproj", "{9C00D2A0-7343-4DDE-BF69-322515C4E26C}"
EndProject
Global
	GlobalSection(SolutionConfigurationPlatforms) = preSolution
		Debug|Any CPU = Debug|Any CPU
		Release|Any CPU = Release|Any CPU
	EndGlobalSection
	GlobalSection(ProjectConfigurationPlatforms) = postSolution
		{9C00D2A0-7343-4DDE-BF69-322515C4E26C}.Debug|Any CPU.ActiveCfg = Debug|Any CPU
		{9C00D2A0-7343-4DDE-BF69-322515C4E26C}.Debug|Any CPU.Build.0 = Debug|Any CPU
		{9C00D2A0-7343-4DDE-BF69-322515C4E26C}.Release|Any CPU.ActiveCfg = Release|Any CPU
		{9C00D2A0-7343-4DDE-BF69-322515C4E26C}.Release|Any CPU.Build.0 = Release|Any CPU
	EndGlobalSection
EndGlobal
